{
    "version": 3,
    "terraform_version": "0.11.10",
    "serial": 13,
    "lineage": "78a8b4e5-af09-f169-8b1d-7d861887c1b4",
    "modules": [
        {
            "path": [
                "root"
            ],
            "outputs": {},
            "resources": {
                "aws_db_instance.hptik_rds": {
                    "type": "aws_db_instance",
                    "depends_on": [
                        "aws_db_subnet_group.hptik_db_subnet",
                        "aws_security_group.hptik_db"
                    ],
                    "primary": {
                        "id": "mysqldb",
                        "attributes": {
                            "address": "mysqldb.c5g2e6hbb8ht.ap-south-1.rds.amazonaws.com",
                            "allocated_storage": "20",
                            "arn": "arn:aws:rds:ap-south-1:001303413573:db:mysqldb",
                            "auto_minor_version_upgrade": "true",
                            "availability_zone": "ap-south-1b",
                            "backup_retention_period": "0",
                            "backup_window": "22:03-22:33",
                            "ca_cert_identifier": "rds-ca-2015",
                            "copy_tags_to_snapshot": "false",
                            "db_subnet_group_name": "mydbsg",
                            "deletion_protection": "false",
                            "domain": "",
                            "domain_iam_role_name": "",
                            "enabled_cloudwatch_logs_exports.#": "0",
                            "endpoint": "mysqldb.c5g2e6hbb8ht.ap-south-1.rds.amazonaws.com:3306",
                            "engine": "mysql",
                            "engine_version": "5.7.26",
                            "hosted_zone_id": "Z2VFMSZA74J7XZ",
                            "iam_database_authentication_enabled": "false",
                            "id": "mysqldb",
                            "identifier": "mysqldb",
                            "instance_class": "db.t2.micro",
                            "iops": "0",
                            "kms_key_id": "",
                            "license_model": "general-public-license",
                            "maintenance_window": "fri:09:36-fri:10:06",
                            "max_allocated_storage": "0",
                            "monitoring_interval": "0",
                            "monitoring_role_arn": "",
                            "multi_az": "false",
                            "name": "mydb",
                            "option_group_name": "default:mysql-5-7",
                            "parameter_group_name": "default.mysql5.7",
                            "password": "hptik-123",
                            "performance_insights_enabled": "false",
                            "performance_insights_kms_key_id": "",
                            "performance_insights_retention_period": "0",
                            "port": "3306",
                            "publicly_accessible": "false",
                            "replicas.#": "0",
                            "replicate_source_db": "",
                            "resource_id": "db-3K5LJ7W24D2XCILGM437Y5AINY",
                            "security_group_names.#": "0",
                            "skip_final_snapshot": "true",
                            "status": "available",
                            "storage_encrypted": "false",
                            "storage_type": "gp2",
                            "tags.%": "0",
                            "timezone": "",
                            "username": "admin_user",
                            "vpc_security_group_ids.#": "1",
                            "vpc_security_group_ids.630788251": "sg-0533c946bf47dbb6f"
                        },
                        "meta": {
                            "e2bfb730-ecaa-11e6-8f88-34363bc7c4c0": {
                                "create": 2400000000000,
                                "delete": 2400000000000,
                                "update": 4800000000000
                            }
                        },
                        "tainted": false
                    },
                    "deposed": [],
                    "provider": "provider.aws"
                },
                "aws_db_subnet_group.hptik_db_subnet": {
                    "type": "aws_db_subnet_group",
                    "depends_on": [
                        "aws_subnet.hptik_subnet_one",
                        "aws_subnet.hptik_subnet_two"
                    ],
                    "primary": {
                        "id": "mydbsg",
                        "attributes": {
                            "arn": "arn:aws:rds:ap-south-1:001303413573:subgrp:mydbsg",
                            "description": "Managed by Terraform",
                            "id": "mydbsg",
                            "name": "mydbsg",
                            "subnet_ids.#": "2",
                            "subnet_ids.2563799371": "subnet-06828c6e45ab56961",
                            "subnet_ids.2671966213": "subnet-041fed29f8492a5cd",
                            "tags.%": "0"
                        },
                        "meta": {},
                        "tainted": false
                    },
                    "deposed": [],
                    "provider": "provider.aws"
                },
                "aws_default_route_table.hptik": {
                    "type": "aws_default_route_table",
                    "depends_on": [
                        "aws_vpc.hptik"
                    ],
                    "primary": {
                        "id": "rtb-050a32164f413fa96",
                        "attributes": {
                            "default_route_table_id": "rtb-050a32164f413fa96",
                            "id": "rtb-050a32164f413fa96",
                            "owner_id": "001303413573",
                            "propagating_vgws.#": "0",
                            "route.#": "0",
                            "tags.%": "0",
                            "vpc_id": "vpc-04511024d80a06b94"
                        },
                        "meta": {},
                        "tainted": false
                    },
                    "deposed": [],
                    "provider": "provider.aws"
                },
                "aws_instance.hptik_web": {
                    "type": "aws_instance",
                    "depends_on": [
                        "aws_security_group.hptik_web",
                        "aws_subnet.hptik"
                    ],
                    "primary": {
                        "id": "i-0c6012cdcb72b4629",
                        "attributes": {
                            "ami": "ami-0d2692b6acea72ee6",
                            "arn": "arn:aws:ec2:ap-south-1:001303413573:instance/i-0c6012cdcb72b4629",
                            "associate_public_ip_address": "true",
                            "availability_zone": "ap-south-1a",
                            "cpu_core_count": "1",
                            "cpu_threads_per_core": "1",
                            "credit_specification.#": "1",
                            "credit_specification.0.cpu_credits": "standard",
                            "disable_api_termination": "false",
                            "ebs_block_device.#": "0",
                            "ebs_optimized": "false",
                            "ephemeral_block_device.#": "0",
                            "get_password_data": "false",
                            "iam_instance_profile": "",
                            "id": "i-0c6012cdcb72b4629",
                            "instance_state": "running",
                            "instance_type": "t2.micro",
                            "ipv6_address_count": "0",
                            "ipv6_addresses.#": "0",
                            "key_name": "ybagarka",
                            "monitoring": "false",
                            "network_interface.#": "0",
                            "password_data": "",
                            "placement_group": "",
                            "primary_network_interface_id": "eni-0f2ce1e2e1243e051",
                            "private_dns": "ip-10-0-1-212.ap-south-1.compute.internal",
                            "private_ip": "10.0.1.212",
                            "public_dns": "ec2-13-233-38-26.ap-south-1.compute.amazonaws.com",
                            "public_ip": "13.233.38.26",
                            "root_block_device.#": "1",
                            "root_block_device.0.delete_on_termination": "true",
                            "root_block_device.0.encrypted": "false",
                            "root_block_device.0.iops": "100",
                            "root_block_device.0.kms_key_id": "",
                            "root_block_device.0.volume_id": "vol-00a16ca8a9f85f004",
                            "root_block_device.0.volume_size": "8",
                            "root_block_device.0.volume_type": "gp2",
                            "security_groups.#": "0",
                            "source_dest_check": "true",
                            "subnet_id": "subnet-0a367a660516408a5",
                            "tags.%": "0",
                            "tenancy": "default",
                            "volume_tags.%": "0",
                            "vpc_security_group_ids.#": "1",
                            "vpc_security_group_ids.2038262202": "sg-03e049381da2f1c36"
                        },
                        "meta": {
                            "e2bfb730-ecaa-11e6-8f88-34363bc7c4c0": {
                                "create": 600000000000,
                                "delete": 1200000000000,
                                "update": 600000000000
                            },
                            "schema_version": "1"
                        },
                        "tainted": true
                    },
                    "deposed": [],
                    "provider": "provider.aws"
                },
                "aws_internet_gateway.hptik_gw": {
                    "type": "aws_internet_gateway",
                    "depends_on": [
                        "aws_vpc.hptik"
                    ],
                    "primary": {
                        "id": "igw-0e86b4c178baa969d",
                        "attributes": {
                            "id": "igw-0e86b4c178baa969d",
                            "owner_id": "001303413573",
                            "tags.%": "0",
                            "vpc_id": "vpc-04511024d80a06b94"
                        },
                        "meta": {},
                        "tainted": false
                    },
                    "deposed": [],
                    "provider": "provider.aws"
                },
                "aws_route_table.hptik_private_route": {
                    "type": "aws_route_table",
                    "depends_on": [
                        "aws_vpc.hptik"
                    ],
                    "primary": {
                        "id": "rtb-0356c1ff4efe4e091",
                        "attributes": {
                            "id": "rtb-0356c1ff4efe4e091",
                            "owner_id": "001303413573",
                            "propagating_vgws.#": "0",
                            "route.#": "0",
                            "tags.%": "0",
                            "vpc_id": "vpc-04511024d80a06b94"
                        },
                        "meta": {},
                        "tainted": false
                    },
                    "deposed": [],
                    "provider": "provider.aws"
                },
                "aws_route_table.hptik_public_route": {
                    "type": "aws_route_table",
                    "depends_on": [
                        "aws_internet_gateway.hptik_gw",
                        "aws_vpc.hptik"
                    ],
                    "primary": {
                        "id": "rtb-01eeddaf10e46d7b2",
                        "attributes": {
                            "id": "rtb-01eeddaf10e46d7b2",
                            "owner_id": "001303413573",
                            "propagating_vgws.#": "0",
                            "route.#": "1",
                            "route.1805333840.cidr_block": "0.0.0.0/0",
                            "route.1805333840.egress_only_gateway_id": "",
                            "route.1805333840.gateway_id": "igw-0e86b4c178baa969d",
                            "route.1805333840.instance_id": "",
                            "route.1805333840.ipv6_cidr_block": "",
                            "route.1805333840.nat_gateway_id": "",
                            "route.1805333840.network_interface_id": "",
                            "route.1805333840.transit_gateway_id": "",
                            "route.1805333840.vpc_peering_connection_id": "",
                            "tags.%": "0",
                            "vpc_id": "vpc-04511024d80a06b94"
                        },
                        "meta": {},
                        "tainted": false
                    },
                    "deposed": [],
                    "provider": "provider.aws"
                },
                "aws_route_table_association.hptik_public_association": {
                    "type": "aws_route_table_association",
                    "depends_on": [
                        "aws_route_table.hptik_public_route",
                        "aws_subnet.hptik"
                    ],
                    "primary": {
                        "id": "rtbassoc-000e58ac4ae5d58fd",
                        "attributes": {
                            "id": "rtbassoc-000e58ac4ae5d58fd",
                            "route_table_id": "rtb-01eeddaf10e46d7b2",
                            "subnet_id": "subnet-0a367a660516408a5"
                        },
                        "meta": {},
                        "tainted": false
                    },
                    "deposed": [],
                    "provider": "provider.aws"
                },
                "aws_route_table_association.hptik_subnet_one": {
                    "type": "aws_route_table_association",
                    "depends_on": [
                        "aws_route_table.hptik_private_route",
                        "aws_subnet.hptik_subnet_one"
                    ],
                    "primary": {
                        "id": "rtbassoc-0c6a64a383508c353",
                        "attributes": {
                            "id": "rtbassoc-0c6a64a383508c353",
                            "route_table_id": "rtb-0356c1ff4efe4e091",
                            "subnet_id": "subnet-041fed29f8492a5cd"
                        },
                        "meta": {},
                        "tainted": false
                    },
                    "deposed": [],
                    "provider": "provider.aws"
                },
                "aws_route_table_association.hptik_subnet_two": {
                    "type": "aws_route_table_association",
                    "depends_on": [
                        "aws_route_table.hptik_private_route",
                        "aws_subnet.hptik_subnet_two"
                    ],
                    "primary": {
                        "id": "rtbassoc-06b3c1b01e244a697",
                        "attributes": {
                            "id": "rtbassoc-06b3c1b01e244a697",
                            "route_table_id": "rtb-0356c1ff4efe4e091",
                            "subnet_id": "subnet-06828c6e45ab56961"
                        },
                        "meta": {},
                        "tainted": false
                    },
                    "deposed": [],
                    "provider": "provider.aws"
                },
                "aws_security_group.hptik_db": {
                    "type": "aws_security_group",
                    "depends_on": [
                        "aws_vpc.hptik"
                    ],
                    "primary": {
                        "id": "sg-0533c946bf47dbb6f",
                        "attributes": {
                            "arn": "arn:aws:ec2:ap-south-1:001303413573:security-group/sg-0533c946bf47dbb6f",
                            "description": "Allow all inbound traffic",
                            "egress.#": "2",
                            "egress.1163740523.cidr_blocks.#": "1",
                            "egress.1163740523.cidr_blocks.0": "0.0.0.0/0",
                            "egress.1163740523.description": "",
                            "egress.1163740523.from_port": "3306",
                            "egress.1163740523.ipv6_cidr_blocks.#": "0",
                            "egress.1163740523.prefix_list_ids.#": "0",
                            "egress.1163740523.protocol": "tcp",
                            "egress.1163740523.security_groups.#": "0",
                            "egress.1163740523.self": "false",
                            "egress.1163740523.to_port": "3306",
                            "egress.2541437006.cidr_blocks.#": "1",
                            "egress.2541437006.cidr_blocks.0": "0.0.0.0/0",
                            "egress.2541437006.description": "",
                            "egress.2541437006.from_port": "22",
                            "egress.2541437006.ipv6_cidr_blocks.#": "0",
                            "egress.2541437006.prefix_list_ids.#": "0",
                            "egress.2541437006.protocol": "tcp",
                            "egress.2541437006.security_groups.#": "0",
                            "egress.2541437006.self": "false",
                            "egress.2541437006.to_port": "22",
                            "id": "sg-0533c946bf47dbb6f",
                            "ingress.#": "2",
                            "ingress.1163740523.cidr_blocks.#": "1",
                            "ingress.1163740523.cidr_blocks.0": "0.0.0.0/0",
                            "ingress.1163740523.description": "",
                            "ingress.1163740523.from_port": "3306",
                            "ingress.1163740523.ipv6_cidr_blocks.#": "0",
                            "ingress.1163740523.prefix_list_ids.#": "0",
                            "ingress.1163740523.protocol": "tcp",
                            "ingress.1163740523.security_groups.#": "0",
                            "ingress.1163740523.self": "false",
                            "ingress.1163740523.to_port": "3306",
                            "ingress.2541437006.cidr_blocks.#": "1",
                            "ingress.2541437006.cidr_blocks.0": "0.0.0.0/0",
                            "ingress.2541437006.description": "",
                            "ingress.2541437006.from_port": "22",
                            "ingress.2541437006.ipv6_cidr_blocks.#": "0",
                            "ingress.2541437006.prefix_list_ids.#": "0",
                            "ingress.2541437006.protocol": "tcp",
                            "ingress.2541437006.security_groups.#": "0",
                            "ingress.2541437006.self": "false",
                            "ingress.2541437006.to_port": "22",
                            "name": "db_security_group",
                            "owner_id": "001303413573",
                            "revoke_rules_on_delete": "false",
                            "tags.%": "0",
                            "vpc_id": "vpc-04511024d80a06b94"
                        },
                        "meta": {
                            "e2bfb730-ecaa-11e6-8f88-34363bc7c4c0": {
                                "create": 600000000000,
                                "delete": 600000000000
                            },
                            "schema_version": "1"
                        },
                        "tainted": false
                    },
                    "deposed": [],
                    "provider": "provider.aws"
                },
                "aws_security_group.hptik_web": {
                    "type": "aws_security_group",
                    "depends_on": [
                        "aws_vpc.hptik"
                    ],
                    "primary": {
                        "id": "sg-03e049381da2f1c36",
                        "attributes": {
                            "arn": "arn:aws:ec2:ap-south-1:001303413573:security-group/sg-03e049381da2f1c36",
                            "description": "Allow all inbound traffic",
                            "egress.#": "4",
                            "egress.1163740523.cidr_blocks.#": "1",
                            "egress.1163740523.cidr_blocks.0": "0.0.0.0/0",
                            "egress.1163740523.description": "",
                            "egress.1163740523.from_port": "3306",
                            "egress.1163740523.ipv6_cidr_blocks.#": "0",
                            "egress.1163740523.prefix_list_ids.#": "0",
                            "egress.1163740523.protocol": "tcp",
                            "egress.1163740523.security_groups.#": "0",
                            "egress.1163740523.self": "false",
                            "egress.1163740523.to_port": "3306",
                            "egress.2214680975.cidr_blocks.#": "1",
                            "egress.2214680975.cidr_blocks.0": "0.0.0.0/0",
                            "egress.2214680975.description": "",
                            "egress.2214680975.from_port": "80",
                            "egress.2214680975.ipv6_cidr_blocks.#": "0",
                            "egress.2214680975.prefix_list_ids.#": "0",
                            "egress.2214680975.protocol": "tcp",
                            "egress.2214680975.security_groups.#": "0",
                            "egress.2214680975.self": "false",
                            "egress.2214680975.to_port": "80",
                            "egress.2541437006.cidr_blocks.#": "1",
                            "egress.2541437006.cidr_blocks.0": "0.0.0.0/0",
                            "egress.2541437006.description": "",
                            "egress.2541437006.from_port": "22",
                            "egress.2541437006.ipv6_cidr_blocks.#": "0",
                            "egress.2541437006.prefix_list_ids.#": "0",
                            "egress.2541437006.protocol": "tcp",
                            "egress.2541437006.security_groups.#": "0",
                            "egress.2541437006.self": "false",
                            "egress.2541437006.to_port": "22",
                            "egress.2617001939.cidr_blocks.#": "1",
                            "egress.2617001939.cidr_blocks.0": "0.0.0.0/0",
                            "egress.2617001939.description": "",
                            "egress.2617001939.from_port": "443",
                            "egress.2617001939.ipv6_cidr_blocks.#": "0",
                            "egress.2617001939.prefix_list_ids.#": "0",
                            "egress.2617001939.protocol": "tcp",
                            "egress.2617001939.security_groups.#": "0",
                            "egress.2617001939.self": "false",
                            "egress.2617001939.to_port": "443",
                            "id": "sg-03e049381da2f1c36",
                            "ingress.#": "4",
                            "ingress.1163740523.cidr_blocks.#": "1",
                            "ingress.1163740523.cidr_blocks.0": "0.0.0.0/0",
                            "ingress.1163740523.description": "",
                            "ingress.1163740523.from_port": "3306",
                            "ingress.1163740523.ipv6_cidr_blocks.#": "0",
                            "ingress.1163740523.prefix_list_ids.#": "0",
                            "ingress.1163740523.protocol": "tcp",
                            "ingress.1163740523.security_groups.#": "0",
                            "ingress.1163740523.self": "false",
                            "ingress.1163740523.to_port": "3306",
                            "ingress.2214680975.cidr_blocks.#": "1",
                            "ingress.2214680975.cidr_blocks.0": "0.0.0.0/0",
                            "ingress.2214680975.description": "",
                            "ingress.2214680975.from_port": "80",
                            "ingress.2214680975.ipv6_cidr_blocks.#": "0",
                            "ingress.2214680975.prefix_list_ids.#": "0",
                            "ingress.2214680975.protocol": "tcp",
                            "ingress.2214680975.security_groups.#": "0",
                            "ingress.2214680975.self": "false",
                            "ingress.2214680975.to_port": "80",
                            "ingress.2541437006.cidr_blocks.#": "1",
                            "ingress.2541437006.cidr_blocks.0": "0.0.0.0/0",
                            "ingress.2541437006.description": "",
                            "ingress.2541437006.from_port": "22",
                            "ingress.2541437006.ipv6_cidr_blocks.#": "0",
                            "ingress.2541437006.prefix_list_ids.#": "0",
                            "ingress.2541437006.protocol": "tcp",
                            "ingress.2541437006.security_groups.#": "0",
                            "ingress.2541437006.self": "false",
                            "ingress.2541437006.to_port": "22",
                            "ingress.2617001939.cidr_blocks.#": "1",
                            "ingress.2617001939.cidr_blocks.0": "0.0.0.0/0",
                            "ingress.2617001939.description": "",
                            "ingress.2617001939.from_port": "443",
                            "ingress.2617001939.ipv6_cidr_blocks.#": "0",
                            "ingress.2617001939.prefix_list_ids.#": "0",
                            "ingress.2617001939.protocol": "tcp",
                            "ingress.2617001939.security_groups.#": "0",
                            "ingress.2617001939.self": "false",
                            "ingress.2617001939.to_port": "443",
                            "name": "web_security_group",
                            "owner_id": "001303413573",
                            "revoke_rules_on_delete": "false",
                            "tags.%": "0",
                            "vpc_id": "vpc-04511024d80a06b94"
                        },
                        "meta": {
                            "e2bfb730-ecaa-11e6-8f88-34363bc7c4c0": {
                                "create": 600000000000,
                                "delete": 600000000000
                            },
                            "schema_version": "1"
                        },
                        "tainted": false
                    },
                    "deposed": [],
                    "provider": "provider.aws"
                },
                "aws_security_group_rule.hptik_db_egress.0": {
                    "type": "aws_security_group_rule",
                    "depends_on": [
                        "aws_security_group.hptik_db"
                    ],
                    "primary": {
                        "id": "sgrule-37520920",
                        "attributes": {
                            "cidr_blocks.#": "1",
                            "cidr_blocks.0": "0.0.0.0/0",
                            "description": "",
                            "from_port": "22",
                            "id": "sgrule-37520920",
                            "ipv6_cidr_blocks.#": "0",
                            "prefix_list_ids.#": "0",
                            "protocol": "tcp",
                            "security_group_id": "sg-0533c946bf47dbb6f",
                            "self": "false",
                            "to_port": "22",
                            "type": "egress"
                        },
                        "meta": {
                            "schema_version": "2"
                        },
                        "tainted": false
                    },
                    "deposed": [],
                    "provider": "provider.aws"
                },
                "aws_security_group_rule.hptik_db_egress.1": {
                    "type": "aws_security_group_rule",
                    "depends_on": [
                        "aws_security_group.hptik_db"
                    ],
                    "primary": {
                        "id": "sgrule-1718594032",
                        "attributes": {
                            "cidr_blocks.#": "1",
                            "cidr_blocks.0": "0.0.0.0/0",
                            "description": "",
                            "from_port": "3306",
                            "id": "sgrule-1718594032",
                            "ipv6_cidr_blocks.#": "0",
                            "prefix_list_ids.#": "0",
                            "protocol": "tcp",
                            "security_group_id": "sg-0533c946bf47dbb6f",
                            "self": "false",
                            "to_port": "3306",
                            "type": "egress"
                        },
                        "meta": {
                            "schema_version": "2"
                        },
                        "tainted": false
                    },
                    "deposed": [],
                    "provider": "provider.aws"
                },
                "aws_security_group_rule.hptik_db_ingress.0": {
                    "type": "aws_security_group_rule",
                    "depends_on": [
                        "aws_security_group.hptik_db"
                    ],
                    "primary": {
                        "id": "sgrule-2439808900",
                        "attributes": {
                            "cidr_blocks.#": "1",
                            "cidr_blocks.0": "0.0.0.0/0",
                            "description": "",
                            "from_port": "22",
                            "id": "sgrule-2439808900",
                            "ipv6_cidr_blocks.#": "0",
                            "prefix_list_ids.#": "0",
                            "protocol": "tcp",
                            "security_group_id": "sg-0533c946bf47dbb6f",
                            "self": "false",
                            "to_port": "22",
                            "type": "ingress"
                        },
                        "meta": {
                            "schema_version": "2"
                        },
                        "tainted": false
                    },
                    "deposed": [],
                    "provider": "provider.aws"
                },
                "aws_security_group_rule.hptik_db_ingress.1": {
                    "type": "aws_security_group_rule",
                    "depends_on": [
                        "aws_security_group.hptik_db"
                    ],
                    "primary": {
                        "id": "sgrule-1071234785",
                        "attributes": {
                            "cidr_blocks.#": "1",
                            "cidr_blocks.0": "0.0.0.0/0",
                            "description": "",
                            "from_port": "3306",
                            "id": "sgrule-1071234785",
                            "ipv6_cidr_blocks.#": "0",
                            "prefix_list_ids.#": "0",
                            "protocol": "tcp",
                            "security_group_id": "sg-0533c946bf47dbb6f",
                            "self": "false",
                            "to_port": "3306",
                            "type": "ingress"
                        },
                        "meta": {
                            "schema_version": "2"
                        },
                        "tainted": false
                    },
                    "deposed": [],
                    "provider": "provider.aws"
                },
                "aws_security_group_rule.hptik_egress.0": {
                    "type": "aws_security_group_rule",
                    "depends_on": [
                        "aws_security_group.hptik_web"
                    ],
                    "primary": {
                        "id": "sgrule-3738480404",
                        "attributes": {
                            "cidr_blocks.#": "1",
                            "cidr_blocks.0": "0.0.0.0/0",
                            "description": "",
                            "from_port": "22",
                            "id": "sgrule-3738480404",
                            "ipv6_cidr_blocks.#": "0",
                            "prefix_list_ids.#": "0",
                            "protocol": "tcp",
                            "security_group_id": "sg-03e049381da2f1c36",
                            "self": "false",
                            "to_port": "22",
                            "type": "egress"
                        },
                        "meta": {
                            "schema_version": "2"
                        },
                        "tainted": false
                    },
                    "deposed": [],
                    "provider": "provider.aws"
                },
                "aws_security_group_rule.hptik_egress.1": {
                    "type": "aws_security_group_rule",
                    "depends_on": [
                        "aws_security_group.hptik_web"
                    ],
                    "primary": {
                        "id": "sgrule-849618731",
                        "attributes": {
                            "cidr_blocks.#": "1",
                            "cidr_blocks.0": "0.0.0.0/0",
                            "description": "",
                            "from_port": "80",
                            "id": "sgrule-849618731",
                            "ipv6_cidr_blocks.#": "0",
                            "prefix_list_ids.#": "0",
                            "protocol": "tcp",
                            "security_group_id": "sg-03e049381da2f1c36",
                            "self": "false",
                            "to_port": "80",
                            "type": "egress"
                        },
                        "meta": {
                            "schema_version": "2"
                        },
                        "tainted": false
                    },
                    "deposed": [],
                    "provider": "provider.aws"
                },
                "aws_security_group_rule.hptik_egress.2": {
                    "type": "aws_security_group_rule",
                    "depends_on": [
                        "aws_security_group.hptik_web"
                    ],
                    "primary": {
                        "id": "sgrule-706538907",
                        "attributes": {
                            "cidr_blocks.#": "1",
                            "cidr_blocks.0": "0.0.0.0/0",
                            "description": "",
                            "from_port": "443",
                            "id": "sgrule-706538907",
                            "ipv6_cidr_blocks.#": "0",
                            "prefix_list_ids.#": "0",
                            "protocol": "tcp",
                            "security_group_id": "sg-03e049381da2f1c36",
                            "self": "false",
                            "to_port": "443",
                            "type": "egress"
                        },
                        "meta": {
                            "schema_version": "2"
                        },
                        "tainted": false
                    },
                    "deposed": [],
                    "provider": "provider.aws"
                },
                "aws_security_group_rule.hptik_egress.3": {
                    "type": "aws_security_group_rule",
                    "depends_on": [
                        "aws_security_group.hptik_web"
                    ],
                    "primary": {
                        "id": "sgrule-48729148",
                        "attributes": {
                            "cidr_blocks.#": "1",
                            "cidr_blocks.0": "0.0.0.0/0",
                            "description": "",
                            "from_port": "3306",
                            "id": "sgrule-48729148",
                            "ipv6_cidr_blocks.#": "0",
                            "prefix_list_ids.#": "0",
                            "protocol": "tcp",
                            "security_group_id": "sg-03e049381da2f1c36",
                            "self": "false",
                            "to_port": "3306",
                            "type": "egress"
                        },
                        "meta": {
                            "schema_version": "2"
                        },
                        "tainted": false
                    },
                    "deposed": [],
                    "provider": "provider.aws"
                },
                "aws_security_group_rule.hptik_ingress.0": {
                    "type": "aws_security_group_rule",
                    "depends_on": [
                        "aws_security_group.hptik_web"
                    ],
                    "primary": {
                        "id": "sgrule-2550539142",
                        "attributes": {
                            "cidr_blocks.#": "1",
                            "cidr_blocks.0": "0.0.0.0/0",
                            "description": "",
                            "from_port": "22",
                            "id": "sgrule-2550539142",
                            "ipv6_cidr_blocks.#": "0",
                            "prefix_list_ids.#": "0",
                            "protocol": "tcp",
                            "security_group_id": "sg-03e049381da2f1c36",
                            "self": "false",
                            "to_port": "22",
                            "type": "ingress"
                        },
                        "meta": {
                            "schema_version": "2"
                        },
                        "tainted": false
                    },
                    "deposed": [],
                    "provider": "provider.aws"
                },
                "aws_security_group_rule.hptik_ingress.1": {
                    "type": "aws_security_group_rule",
                    "depends_on": [
                        "aws_security_group.hptik_web"
                    ],
                    "primary": {
                        "id": "sgrule-780959283",
                        "attributes": {
                            "cidr_blocks.#": "1",
                            "cidr_blocks.0": "0.0.0.0/0",
                            "description": "",
                            "from_port": "80",
                            "id": "sgrule-780959283",
                            "ipv6_cidr_blocks.#": "0",
                            "prefix_list_ids.#": "0",
                            "protocol": "tcp",
                            "security_group_id": "sg-03e049381da2f1c36",
                            "self": "false",
                            "to_port": "80",
                            "type": "ingress"
                        },
                        "meta": {
                            "schema_version": "2"
                        },
                        "tainted": false
                    },
                    "deposed": [],
                    "provider": "provider.aws"
                },
                "aws_security_group_rule.hptik_ingress.2": {
                    "type": "aws_security_group_rule",
                    "depends_on": [
                        "aws_security_group.hptik_web"
                    ],
                    "primary": {
                        "id": "sgrule-3858068853",
                        "attributes": {
                            "cidr_blocks.#": "1",
                            "cidr_blocks.0": "0.0.0.0/0",
                            "description": "",
                            "from_port": "443",
                            "id": "sgrule-3858068853",
                            "ipv6_cidr_blocks.#": "0",
                            "prefix_list_ids.#": "0",
                            "protocol": "tcp",
                            "security_group_id": "sg-03e049381da2f1c36",
                            "self": "false",
                            "to_port": "443",
                            "type": "ingress"
                        },
                        "meta": {
                            "schema_version": "2"
                        },
                        "tainted": false
                    },
                    "deposed": [],
                    "provider": "provider.aws"
                },
                "aws_security_group_rule.hptik_ingress.3": {
                    "type": "aws_security_group_rule",
                    "depends_on": [
                        "aws_security_group.hptik_web"
                    ],
                    "primary": {
                        "id": "sgrule-2909780063",
                        "attributes": {
                            "cidr_blocks.#": "1",
                            "cidr_blocks.0": "0.0.0.0/0",
                            "description": "",
                            "from_port": "3306",
                            "id": "sgrule-2909780063",
                            "ipv6_cidr_blocks.#": "0",
                            "prefix_list_ids.#": "0",
                            "protocol": "tcp",
                            "security_group_id": "sg-03e049381da2f1c36",
                            "self": "false",
                            "to_port": "3306",
                            "type": "ingress"
                        },
                        "meta": {
                            "schema_version": "2"
                        },
                        "tainted": false
                    },
                    "deposed": [],
                    "provider": "provider.aws"
                },
                "aws_subnet.hptik": {
                    "type": "aws_subnet",
                    "depends_on": [
                        "aws_vpc.hptik",
                        "data.aws_availability_zones.availability_zones"
                    ],
                    "primary": {
                        "id": "subnet-0a367a660516408a5",
                        "attributes": {
                            "arn": "arn:aws:ec2:ap-south-1:001303413573:subnet/subnet-0a367a660516408a5",
                            "assign_ipv6_address_on_creation": "false",
                            "availability_zone": "ap-south-1a",
                            "availability_zone_id": "aps1-az1",
                            "cidr_block": "10.0.1.0/24",
                            "id": "subnet-0a367a660516408a5",
                            "ipv6_cidr_block": "",
                            "ipv6_cidr_block_association_id": "",
                            "map_public_ip_on_launch": "true",
                            "owner_id": "001303413573",
                            "tags.%": "0",
                            "vpc_id": "vpc-04511024d80a06b94"
                        },
                        "meta": {
                            "e2bfb730-ecaa-11e6-8f88-34363bc7c4c0": {
                                "create": 600000000000,
                                "delete": 1200000000000
                            },
                            "schema_version": "1"
                        },
                        "tainted": false
                    },
                    "deposed": [],
                    "provider": "provider.aws"
                },
                "aws_subnet.hptik_subnet_one": {
                    "type": "aws_subnet",
                    "depends_on": [
                        "aws_vpc.hptik",
                        "data.aws_availability_zones.availability_zones"
                    ],
                    "primary": {
                        "id": "subnet-041fed29f8492a5cd",
                        "attributes": {
                            "arn": "arn:aws:ec2:ap-south-1:001303413573:subnet/subnet-041fed29f8492a5cd",
                            "assign_ipv6_address_on_creation": "false",
                            "availability_zone": "ap-south-1a",
                            "availability_zone_id": "aps1-az1",
                            "cidr_block": "10.0.2.0/24",
                            "id": "subnet-041fed29f8492a5cd",
                            "ipv6_cidr_block": "",
                            "ipv6_cidr_block_association_id": "",
                            "map_public_ip_on_launch": "false",
                            "owner_id": "001303413573",
                            "tags.%": "0",
                            "vpc_id": "vpc-04511024d80a06b94"
                        },
                        "meta": {
                            "e2bfb730-ecaa-11e6-8f88-34363bc7c4c0": {
                                "create": 600000000000,
                                "delete": 1200000000000
                            },
                            "schema_version": "1"
                        },
                        "tainted": false
                    },
                    "deposed": [],
                    "provider": "provider.aws"
                },
                "aws_subnet.hptik_subnet_two": {
                    "type": "aws_subnet",
                    "depends_on": [
                        "aws_vpc.hptik",
                        "data.aws_availability_zones.availability_zones"
                    ],
                    "primary": {
                        "id": "subnet-06828c6e45ab56961",
                        "attributes": {
                            "arn": "arn:aws:ec2:ap-south-1:001303413573:subnet/subnet-06828c6e45ab56961",
                            "assign_ipv6_address_on_creation": "false",
                            "availability_zone": "ap-south-1b",
                            "availability_zone_id": "aps1-az3",
                            "cidr_block": "10.0.3.0/24",
                            "id": "subnet-06828c6e45ab56961",
                            "ipv6_cidr_block": "",
                            "ipv6_cidr_block_association_id": "",
                            "map_public_ip_on_launch": "false",
                            "owner_id": "001303413573",
                            "tags.%": "0",
                            "vpc_id": "vpc-04511024d80a06b94"
                        },
                        "meta": {
                            "e2bfb730-ecaa-11e6-8f88-34363bc7c4c0": {
                                "create": 600000000000,
                                "delete": 1200000000000
                            },
                            "schema_version": "1"
                        },
                        "tainted": false
                    },
                    "deposed": [],
                    "provider": "provider.aws"
                },
                "aws_vpc.hptik": {
                    "type": "aws_vpc",
                    "depends_on": [],
                    "primary": {
                        "id": "vpc-04511024d80a06b94",
                        "attributes": {
                            "arn": "arn:aws:ec2:ap-south-1:001303413573:vpc/vpc-04511024d80a06b94",
                            "assign_generated_ipv6_cidr_block": "false",
                            "cidr_block": "10.0.0.0/16",
                            "default_network_acl_id": "acl-0dadd718e8f311e2a",
                            "default_route_table_id": "rtb-050a32164f413fa96",
                            "default_security_group_id": "sg-0e60f862b7d61c921",
                            "dhcp_options_id": "dopt-21abe749",
                            "enable_dns_hostnames": "true",
                            "enable_dns_support": "true",
                            "id": "vpc-04511024d80a06b94",
                            "instance_tenancy": "default",
                            "ipv6_association_id": "",
                            "ipv6_cidr_block": "",
                            "main_route_table_id": "rtb-050a32164f413fa96",
                            "owner_id": "001303413573",
                            "tags.%": "1",
                            "tags.Name": "devops-hptik-vpc"
                        },
                        "meta": {
                            "schema_version": "1"
                        },
                        "tainted": false
                    },
                    "deposed": [],
                    "provider": "provider.aws"
                },
                "data.aws_availability_zones.availability_zones": {
                    "type": "aws_availability_zones",
                    "depends_on": [],
                    "primary": {
                        "id": "2019-09-03 15:00:05.376668 +0000 UTC",
                        "attributes": {
                            "id": "2019-09-03 15:00:05.376668 +0000 UTC",
                            "names.#": "3",
                            "names.0": "ap-south-1a",
                            "names.1": "ap-south-1b",
                            "names.2": "ap-south-1c",
                            "zone_ids.#": "3",
                            "zone_ids.0": "aps1-az1",
                            "zone_ids.1": "aps1-az3",
                            "zone_ids.2": "aps1-az2"
                        },
                        "meta": {},
                        "tainted": false
                    },
                    "deposed": [],
                    "provider": "provider.aws"
                }
            },
            "depends_on": []
        }
    ]
}
